
Microsoft Visual Studio Solution File, Format Version 12.00
# Visual Studio Version 17
VisualStudioVersion = 17.14.36203.30 d17.14
MinimumVisualStudioVersion = 10.0.40219.1
Project("{FAE04EC0-301F-11D3-BF4B-00C04F79EFBC}") = "CApp2", "CApp2\CApp2.csproj", "{3530AFA1-1E24-45E3-8027-924BFF3F42A3}"
EndProject
Global
	GlobalSection(SolutionConfigurationPlatforms) = preSolution
		Debug|Any CPU = Debug|Any CPU
		Release|Any CPU = Release|Any CPU
	EndGlobalSection
	GlobalSection(ProjectConfigurationPlatforms) = postSolution
		{3530AFA1-1E24-45E3-8027-924BFF3F42A3}.Debug|Any CPU.ActiveCfg = Debug|Any CPU
		{3530AFA1-1E24-45E3-8027-924BFF3F42A3}.Debug|Any CPU.Build.0 = Debug|Any CPU
		{3530AFA1-1E24-45E3-8027-924BFF3F42A3}.Release|Any CPU.ActiveCfg = Release|Any CPU
		{3530AFA1-1E24-45E3-8027-924BFF3F42A3}.Release|Any CPU.Build.0 = Release|Any CPU
	EndGlobalSection
	GlobalSection(SolutionProperties) = preSolution
		HideSolutionNode = FALSE
	EndGlobalSection
	GlobalSection(ExtensibilityGlobals) = postSolution
		SolutionGuid = {B940576B-E439-4C31-8F8C-BD35ADCBA7BA}
	EndGlobalSection
EndGlobal
